# Created using wingetcreate 1.6.4.0
# yaml-language-server: $schema=https://aka.ms/winget-manifest.singleton.1.6.0.schema.json

PackageIdentifier: ManfredMueller.Relock
PackageVersion: 1.0.0
PackageLocale: de-DE
Publisher: Manfred Mueller
PackageName: Relock
License: GPL v2
ShortDescription: Locks a Bitlocker enabled drive and presents the recovery key as
Installers:
- Architecture: x64
  InstallerType: portable
  InstallerUrl: https://github.com/manfred-mueller/Relock/releases/download/1.0.0/Relock.exe
  InstallerSha256: 002c5e1ddf8c4acc535b4dda074116378bc2b56698c45a9c4e1daa6b90b09cb9
ManifestType: singleton
ManifestVersion: 1.6.0
