# Created using wingetcreate 1.6.4.0
# yaml-language-server: $schema=https://aka.ms/winget-manifest.singleton.1.6.0.schema.json

PackageIdentifier: ManfredMueller.Relock
PackageVersion: 1.0.0
PackageLocale: de-DE
Publisher: Manfred Mueller
PackageName: Relock
License: GPL v2
ShortDescription: |-
  Locks a Bitlocker enabled drive and presents the recovery key as
  savable and printable qrcode.
Installers:
- Architecture: x64
  InstallerType: portable
  InstallerUrl: https://github.com/manfred-mueller/Relock/releases/download/1.0.0/Relock.exe
  InstallerSha256: c51e89ee809ad91bb30c7970e9f08a7ed0e8989d33d191374e29f447ae18cc63
ManifestType: singleton
ManifestVersion: 1.6.0
